
Microsoft Visual Studio Solution File, Format Version 12.00
# Visual Studio Version 17
VisualStudioVersion = 17.6.33829.357
MinimumVisualStudioVersion = 10.0.40219.1
Project("{9A19103F-16F7-4668-BE54-9A1E7A4F7556}") = "BugTracker", "BugTracker.csproj", "{B5FD2DC6-698D-4F3A-946D-828DE587237F}"
EndProject
Global
	GlobalSection(SolutionConfigurationPlatforms) = preSolution
		Debug|Any CPU = Debug|Any CPU
		Release|Any CPU = Release|Any CPU
	EndGlobalSection
	GlobalSection(ProjectConfigurationPlatforms) = postSolution
		{B5FD2DC6-698D-4F3A-946D-828DE587237F}.Debug|Any CPU.ActiveCfg = Debug|Any CPU
		{B5FD2DC6-698D-4F3A-946D-828DE587237F}.Debug|Any CPU.Build.0 = Debug|Any CPU
		{B5FD2DC6-698D-4F3A-946D-828DE587237F}.Release|Any CPU.ActiveCfg = Release|Any CPU
		{B5FD2DC6-698D-4F3A-946D-828DE587237F}.Release|Any CPU.Build.0 = Release|Any CPU
	EndGlobalSection
	GlobalSection(SolutionProperties) = preSolution
		HideSolutionNode = FALSE
	EndGlobalSection
	GlobalSection(ExtensibilityGlobals) = postSolution
		SolutionGuid = {836602EB-9FD1-4A43-AE5E-B2132E4B1D5C}
	EndGlobalSection
EndGlobal
